
Microsoft Visual Studio Solution File, Format Version 12.00
# Visual Studio Version 16
VisualStudioVersion = 16.0.30320.27
MinimumVisualStudioVersion = 10.0.40219.1
Project("{FAE04EC0-301F-11D3-BF4B-00C04F79EFBC}") = "InventarioBoutiqueDeFiestas", "InventarioBoutiqueDeFiestas\InventarioBoutiqueDeFiestas.csproj", "{045B68A0-2DB3-4B42-85AE-41F3B61CD253}"
EndProject
Global
	GlobalSection(SolutionConfigurationPlatforms) = preSolution
		Debug|Any CPU = Debug|Any CPU
		Release|Any CPU = Release|Any CPU
	EndGlobalSection
	GlobalSection(ProjectConfigurationPlatforms) = postSolution
		{045B68A0-2DB3-4B42-85AE-41F3B61CD253}.Debug|Any CPU.ActiveCfg = Debug|Any CPU
		{045B68A0-2DB3-4B42-85AE-41F3B61CD253}.Debug|Any CPU.Build.0 = Debug|Any CPU
		{045B68A0-2DB3-4B42-85AE-41F3B61CD253}.Release|Any CPU.ActiveCfg = Release|Any CPU
		{045B68A0-2DB3-4B42-85AE-41F3B61CD253}.Release|Any CPU.Build.0 = Release|Any CPU
	EndGlobalSection
	GlobalSection(SolutionProperties) = preSolution
		HideSolutionNode = FALSE
	EndGlobalSection
	GlobalSection(ExtensibilityGlobals) = postSolution
		SolutionGuid = {087B89CB-CA1F-47C2-902E-40A8253B6CBD}
	EndGlobalSection
EndGlobal
